PODS:
  - Realm (0.98.0):
    - Realm/Headers (= 0.98.0)
  - Realm/Headers (0.98.0)
  - RealmSwift (0.98.0):
    - Realm (= 0.98.0)
  - Socket.IO-Client-Swift (5.3.3)

DEPENDENCIES:
  - RealmSwift
  - Socket.IO-Client-Swift (~> 5.3.2)

SPEC CHECKSUMS:
  Realm: 28efc598b8b1b378d27a222d9fc037a29ae68642
  RealmSwift: 7ef4b9ee449d711cd5a7d69a3af1cc5cd0efb619
  Socket.IO-Client-Swift: debd5c155e4299e33854fbd26bfeaafcbc6df6c6

COCOAPODS: 0.39.0
